
Microsoft Visual Studio Solution File, Format Version 12.00
# Visual Studio Version 17
VisualStudioVersion = 17.9.34728.123
MinimumVisualStudioVersion = 10.0.40219.1
Project("{9A19103F-16F7-4668-BE54-9A1E7A4F7556}") = "WebAPI", "food-delivery\WebAPI.csproj", "{B4258205-DD3D-4BC3-95AE-CE99D9C15F9C}"
EndProject
Project("{FAE04EC0-301F-11D3-BF4B-00C04F79EFBC}") = "Domain", "Domain\Domain\Domain.csproj", "{8FD477C6-CD9E-4521-AE49-1869C077F20A}"
EndProject
Project("{FAE04EC0-301F-11D3-BF4B-00C04F79EFBC}") = "Infrastructure", "Infrastructure\Infrastructure\Infrastructure.csproj", "{E7A535DE-E611-4B8A-A6DC-633E9007C081}"
EndProject
Project("{FAE04EC0-301F-11D3-BF4B-00C04F79EFBC}") = "Presentation", "Presentation\Presentation\Presentation.csproj", "{1DCF8A1A-BA5E-426E-B510-6FD3A5ABFAFE}"
EndProject
Project("{FAE04EC0-301F-11D3-BF4B-00C04F79EFBC}") = "Application", "Application\Application\Application.csproj", "{E31F8A39-395A-4FC7-8C91-7933D5DD40C7}"
EndProject
Global
	GlobalSection(SolutionConfigurationPlatforms) = preSolution
		Debug|Any CPU = Debug|Any CPU
		Release|Any CPU = Release|Any CPU
	EndGlobalSection
	GlobalSection(ProjectConfigurationPlatforms) = postSolution
		{B4258205-DD3D-4BC3-95AE-CE99D9C15F9C}.Debug|Any CPU.ActiveCfg = Debug|Any CPU
		{B4258205-DD3D-4BC3-95AE-CE99D9C15F9C}.Debug|Any CPU.Build.0 = Debug|Any CPU
		{B4258205-DD3D-4BC3-95AE-CE99D9C15F9C}.Release|Any CPU.ActiveCfg = Release|Any CPU
		{B4258205-DD3D-4BC3-95AE-CE99D9C15F9C}.Release|Any CPU.Build.0 = Release|Any CPU
		{8FD477C6-CD9E-4521-AE49-1869C077F20A}.Debug|Any CPU.ActiveCfg = Debug|Any CPU
		{8FD477C6-CD9E-4521-AE49-1869C077F20A}.Debug|Any CPU.Build.0 = Debug|Any CPU
		{8FD477C6-CD9E-4521-AE49-1869C077F20A}.Release|Any CPU.ActiveCfg = Release|Any CPU
		{8FD477C6-CD9E-4521-AE49-1869C077F20A}.Release|Any CPU.Build.0 = Release|Any CPU
		{E7A535DE-E611-4B8A-A6DC-633E9007C081}.Debug|Any CPU.ActiveCfg = Debug|Any CPU
		{E7A535DE-E611-4B8A-A6DC-633E9007C081}.Debug|Any CPU.Build.0 = Debug|Any CPU
		{E7A535DE-E611-4B8A-A6DC-633E9007C081}.Release|Any CPU.ActiveCfg = Release|Any CPU
		{E7A535DE-E611-4B8A-A6DC-633E9007C081}.Release|Any CPU.Build.0 = Release|Any CPU
		{1DCF8A1A-BA5E-426E-B510-6FD3A5ABFAFE}.Debug|Any CPU.ActiveCfg = Debug|Any CPU
		{1DCF8A1A-BA5E-426E-B510-6FD3A5ABFAFE}.Debug|Any CPU.Build.0 = Debug|Any CPU
		{1DCF8A1A-BA5E-426E-B510-6FD3A5ABFAFE}.Release|Any CPU.ActiveCfg = Release|Any CPU
		{1DCF8A1A-BA5E-426E-B510-6FD3A5ABFAFE}.Release|Any CPU.Build.0 = Release|Any CPU
		{E31F8A39-395A-4FC7-8C91-7933D5DD40C7}.Debug|Any CPU.ActiveCfg = Debug|Any CPU
		{E31F8A39-395A-4FC7-8C91-7933D5DD40C7}.Debug|Any CPU.Build.0 = Debug|Any CPU
		{E31F8A39-395A-4FC7-8C91-7933D5DD40C7}.Release|Any CPU.ActiveCfg = Release|Any CPU
		{E31F8A39-395A-4FC7-8C91-7933D5DD40C7}.Release|Any CPU.Build.0 = Release|Any CPU
	EndGlobalSection
	GlobalSection(SolutionProperties) = preSolution
		HideSolutionNode = FALSE
	EndGlobalSection
	GlobalSection(ExtensibilityGlobals) = postSolution
		SolutionGuid = {31A9C315-D70D-4B1E-A1CA-CDC63E5D868F}
	EndGlobalSection
EndGlobal
